// !$*UTF8*$!
{
	archiveVersion = 1;
	classes = {
	};
	objectVersion = 56;
	objects = {

/* Begin PBXBuildFile section */
		392967312952DD1C004BA84A /* AppDelegate.swift in Sources */ = {isa = PBXBuildFile; fileRef = 392967302952DD1C004BA84A /* AppDelegate.swift */; };
		392967332952DD1C004BA84A /* SceneDelegate.swift in Sources */ = {isa = PBXBuildFile; fileRef = 392967322952DD1C004BA84A /* SceneDelegate.swift */; };
		392967352952DD1C004BA84A /* ViewController.swift in Sources */ = {isa = PBXBuildFile; fileRef = 392967342952DD1C004BA84A /* ViewController.swift */; };
		392967382952DD1C004BA84A /* Main.storyboard in Resources */ = {isa = PBXBuildFile; fileRef = 392967362952DD1C004BA84A /* Main.storyboard */; };
		3929673A2952DD1D004BA84A /* Assets.xcassets in Resources */ = {isa = PBXBuildFile; fileRef = 392967392952DD1D004BA84A /* Assets.xcassets */; };
		3929673D2952DD1D004BA84A /* LaunchScreen.storyboard in Resources */ = {isa = PBXBuildFile; fileRef = 3929673B2952DD1D004BA84A /* LaunchScreen.storyboard */; };
		392967482952DD1D004BA84A /* IntroduceStudentTests.swift in Sources */ = {isa = PBXBuildFile; fileRef = 392967472952DD1D004BA84A /* IntroduceStudentTests.swift */; };
		392967522952DD1D004BA84A /* IntroduceStudentUITests.swift in Sources */ = {isa = PBXBuildFile; fileRef = 392967512952DD1D004BA84A /* IntroduceStudentUITests.swift */; };
		392967542952DD1D004BA84A /* IntroduceStudentUITestsLaunchTests.swift in Sources */ = {isa = PBXBuildFile; fileRef = 392967532952DD1D004BA84A /* IntroduceStudentUITestsLaunchTests.swift */; };
/* End PBXBuildFile section */

/* Begin PBXContainerItemProxy section */
		392967442952DD1D004BA84A /* PBXContainerItemProxy */ = {
			isa = PBXContainerItemProxy;
			containerPortal = 392967252952DD1C004BA84A /* Project object */;
			proxyType = 1;
			remoteGlobalIDString = 3929672C2952DD1C004BA84A;
			remoteInfo = IntroduceStudent;
		};
		3929674E2952DD1D004BA84A /* PBXContainerItemProxy */ = {
			isa = PBXContainerItemProxy;
			containerPortal = 392967252952DD1C004BA84A /* Project object */;
			proxyType = 1;
			remoteGlobalIDString = 3929672C2952DD1C004BA84A;
			remoteInfo = IntroduceStudent;
		};
/* End PBXContainerItemProxy section */

/* Begin PBXFileReference section */
		3929672D2952DD1C004BA84A /* IntroduceStudent.app */ = {isa = PBXFileReference; explicitFileType = wrapper.application; includeInIndex = 0; path = IntroduceStudent.app; sourceTree = BUILT_PRODUCTS_DIR; };
		392967302952DD1C004BA84A /* AppDelegate.swift */ = {isa = PBXFileReference; lastKnownFileType = sourcecode.swift; path = AppDelegate.swift; sourceTree = "<group>"; };
		392967322952DD1C004BA84A /* SceneDelegate.swift */ = {isa = PBXFileReference; lastKnownFileType = sourcecode.swift; path = SceneDelegate.swift; sourceTree = "<group>"; };
		392967342952DD1C004BA84A /* ViewController.swift */ = {isa = PBXFileReference; lastKnownFileType = sourcecode.swift; path = ViewController.swift; sourceTree = "<group>"; };
		392967372952DD1C004BA84A /* Base */ = {isa = PBXFileReference; lastKnownFileType = file.storyboard; name = Base; path = Base.lproj/Main.storyboard; sourceTree = "<group>"; };
		392967392952DD1D004BA84A /* Assets.xcassets */ = {isa = PBXFileReference; lastKnownFileType = folder.assetcatalog; path = Assets.xcassets; sourceTree = "<group>"; };
		3929673C2952DD1D004BA84A /* Base */ = {isa = PBXFileReference; lastKnownFileType = file.storyboard; name = Base; path = Base.lproj/LaunchScreen.storyboard; sourceTree = "<group>"; };
		3929673E2952DD1D004BA84A /* Info.plist */ = {isa = PBXFileReference; lastKnownFileType = text.plist.xml; path = Info.plist; sourceTree = "<group>"; };
		392967432952DD1D004BA84A /* IntroduceStudentTests.xctest */ = {isa = PBXFileReference; explicitFileType = wrapper.cfbundle; includeInIndex = 0; path = IntroduceStudentTests.xctest; sourceTree = BUILT_PRODUCTS_DIR; };
		392967472952DD1D004BA84A /* IntroduceStudentTests.swift */ = {isa = PBXFileReference; lastKnownFileType = sourcecode.swift; path = IntroduceStudentTests.swift; sourceTree = "<group>"; };
		3929674D2952DD1D004BA84A /* IntroduceStudentUITests.xctest */ = {isa = PBXFileReference; explicitFileType = wrapper.cfbundle; includeInIndex = 0; path = IntroduceStudentUITests.xctest; sourceTree = BUILT_PRODUCTS_DIR; };
		392967512952DD1D004BA84A /* IntroduceStudentUITests.swift */ = {isa = PBXFileReference; lastKnownFileType = sourcecode.swift; path = IntroduceStudentUITests.swift; sourceTree = "<group>"; };
		392967532952DD1D004BA84A /* IntroduceStudentUITestsLaunchTests.swift */ = {isa = PBXFileReference; lastKnownFileType = sourcecode.swift; path = IntroduceStudentUITestsLaunchTests.swift; sourceTree = "<group>"; };
		39AE8A2F2953F30300DC1CB1 /* README.md */ = {isa = PBXFileReference; lastKnownFileType = net.daringfireball.markdown; path = README.md; sourceTree = "<group>"; };
/* End PBXFileReference section */

/* Begin PBXFrameworksBuildPhase section */
		3929672A2952DD1C004BA84A /* Frameworks */ = {
			isa = PBXFrameworksBuildPhase;
			buildActionMask = 2147483647;
			files = (
			);
			runOnlyForDeploymentPostprocessing = 0;
		};
		392967402952DD1D004BA84A /* Frameworks */ = {
			isa = PBXFrameworksBuildPhase;
			buildActionMask = 2147483647;
			files = (
			);
			runOnlyForDeploymentPostprocessing = 0;
		};
		3929674A2952DD1D004BA84A /* Frameworks */ = {
			isa = PBXFrameworksBuildPhase;
			buildActionMask = 2147483647;
			files = (
			);
			runOnlyForDeploymentPostprocessing = 0;
		};
/* End PBXFrameworksBuildPhase section */

/* Begin PBXGroup section */
		392967242952DD1C004BA84A = {
			isa = PBXGroup;
			children = (
				39AE8A2F2953F30300DC1CB1 /* README.md */,
				3929672F2952DD1C004BA84A /* IntroduceStudent */,
				392967462952DD1D004BA84A /* IntroduceStudentTests */,
				392967502952DD1D004BA84A /* IntroduceStudentUITests */,
				3929672E2952DD1C004BA84A /* Products */,
			);
			sourceTree = "<group>";
		};
		3929672E2952DD1C004BA84A /* Products */ = {
			isa = PBXGroup;
			children = (
				3929672D2952DD1C004BA84A /* IntroduceStudent.app */,
				392967432952DD1D004BA84A /* IntroduceStudentTests.xctest */,
				3929674D2952DD1D004BA84A /* IntroduceStudentUITests.xctest */,
			);
			name = Products;
			sourceTree = "<group>";
		};
		3929672F2952DD1C004BA84A /* IntroduceStudent */ = {
			isa = PBXGroup;
			children = (
				392967302952DD1C004BA84A /* AppDelegate.swift */,
				392967322952DD1C004BA84A /* SceneDelegate.swift */,
				392967342952DD1C004BA84A /* ViewController.swift */,
				392967362952DD1C004BA84A /* Main.storyboard */,
				392967392952DD1D004BA84A /* Assets.xcassets */,
				3929673B2952DD1D004BA84A /* LaunchScreen.storyboard */,
				3929673E2952DD1D004BA84A /* Info.plist */,
			);
			path = IntroduceStudent;
			sourceTree = "<group>";
		};
		392967462952DD1D004BA84A /* IntroduceStudentTests */ = {
			isa = PBXGroup;
			children = (
				392967472952DD1D004BA84A /* IntroduceStudentTests.swift */,
			);
			path = IntroduceStudentTests;
			sourceTree = "<group>";
		};
		392967502952DD1D004BA84A /* IntroduceStudentUITests */ = {
			isa = PBXGroup;
			children = (
				392967512952DD1D004BA84A /* IntroduceStudentUITests.swift */,
				392967532952DD1D004BA84A /* IntroduceStudentUITestsLaunchTests.swift */,
			);
			path = IntroduceStudentUITests;
			sourceTree = "<group>";
		};
/* End PBXGroup section */

/* Begin PBXNativeTarget section */
		3929672C2952DD1C004BA84A /* IntroduceStudent */ = {
			isa = PBXNativeTarget;
			buildConfigurationList = 392967572952DD1D004BA84A /* Build configuration list for PBXNativeTarget "IntroduceStudent" */;
			buildPhases = (
				392967292952DD1C004BA84A /* Sources */,
				3929672A2952DD1C004BA84A /* Frameworks */,
				3929672B2952DD1C004BA84A /* Resources */,
			);
			buildRules = (
			);
			dependencies = (
			);
			name = IntroduceStudent;
			productName = IntroduceStudent;
			productReference = 3929672D2952DD1C004BA84A /* IntroduceStudent.app */;
			productType = "com.apple.product-type.application";
		};
		392967422952DD1D004BA84A /* IntroduceStudentTests */ = {
			isa = PBXNativeTarget;
			buildConfigurationList = 3929675A2952DD1D004BA84A /* Build configuration list for PBXNativeTarget "IntroduceStudentTests" */;
			buildPhases = (
				3929673F2952DD1D004BA84A /* Sources */,
				392967402952DD1D004BA84A /* Frameworks */,
				392967412952DD1D004BA84A /* Resources */,
			);
			buildRules = (
			);
			dependencies = (
				392967452952DD1D004BA84A /* PBXTargetDependency */,
			);
			name = IntroduceStudentTests;
			productName = IntroduceStudentTests;
			productReference = 392967432952DD1D004BA84A /* IntroduceStudentTests.xctest */;
			productType = "com.apple.product-type.bundle.unit-test";
		};
		3929674C2952DD1D004BA84A /* IntroduceStudentUITests */ = {
			isa = PBXNativeTarget;
			buildConfigurationList = 3929675D2952DD1D004BA84A /* Build configuration list for PBXNativeTarget "IntroduceStudentUITests" */;
			buildPhases = (
				392967492952DD1D004BA84A /* Sources */,
				3929674A2952DD1D004BA84A /* Frameworks */,
				3929674B2952DD1D004BA84A /* Resources */,
			);
			buildRules = (
			);
			dependencies = (
				3929674F2952DD1D004BA84A /* PBXTargetDependency */,
			);
			name = IntroduceStudentUITests;
			productName = IntroduceStudentUITests;
			productReference = 3929674D2952DD1D004BA84A /* IntroduceStudentUITests.xctest */;
			productType = "com.apple.product-type.bundle.ui-testing";
		};
/* End PBXNativeTarget section */

/* Begin PBXProject section */
		392967252952DD1C004BA84A /* Project object */ = {
			isa = PBXProject;
			attributes = {
				BuildIndependentTargetsInParallel = 1;
				LastSwiftUpdateCheck = 1420;
				LastUpgradeCheck = 1420;
				TargetAttributes = {
					3929672C2952DD1C004BA84A = {
						CreatedOnToolsVersion = 14.2;
					};
					392967422952DD1D004BA84A = {
						CreatedOnToolsVersion = 14.2;
						TestTargetID = 3929672C2952DD1C004BA84A;
					};
					3929674C2952DD1D004BA84A = {
						CreatedOnToolsVersion = 14.2;
						TestTargetID = 3929672C2952DD1C004BA84A;
					};
				};
			};
			buildConfigurationList = 392967282952DD1C004BA84A /* Build configuration list for PBXProject "IntroduceStudent" */;
			compatibilityVersion = "Xcode 14.0";
			developmentRegion = en;
			hasScannedForEncodings = 0;
			knownRegions = (
				en,
				Base,
			);
			mainGroup = 392967242952DD1C004BA84A;
			productRefGroup = 3929672E2952DD1C004BA84A /* Products */;
			projectDirPath = "";
			projectRoot = "";
			targets = (
				3929672C2952DD1C004BA84A /* IntroduceStudent */,
				392967422952DD1D004BA84A /* IntroduceStudentTests */,
				3929674C2952DD1D004BA84A /* IntroduceStudentUITests */,
			);
		};
/* End PBXProject section */

/* Begin PBXResourcesBuildPhase section */
		3929672B2952DD1C004BA84A /* Resources */ = {
			isa = PBXResourcesBuildPhase;
			buildActionMask = 2147483647;
			files = (
				3929673D2952DD1D004BA84A /* LaunchScreen.storyboard in Resources */,
				3929673A2952DD1D004BA84A /* Assets.xcassets in Resources */,
				392967382952DD1C004BA84A /* Main.storyboard in Resources */,
			);
			runOnlyForDeploymentPostprocessing = 0;
		};
		392967412952DD1D004BA84A /* Resources */ = {
			isa = PBXResourcesBuildPhase;
			buildActionMask = 2147483647;
			files = (
			);
			runOnlyForDeploymentPostprocessing = 0;
		};
		3929674B2952DD1D004BA84A /* Resources */ = {
			isa = PBXResourcesBuildPhase;
			buildActionMask = 2147483647;
			files = (
			);
			runOnlyForDeploymentPostprocessing = 0;
		};
/* End PBXResourcesBuildPhase section */

/* Begin PBXSourcesBuildPhase section */
		392967292952DD1C004BA84A /* Sources */ = {
			isa = PBXSourcesBuildPhase;
			buildActionMask = 2147483647;
			files = (
				392967352952DD1C004BA84A /* ViewController.swift in Sources */,
				392967312952DD1C004BA84A /* AppDelegate.swift in Sources */,
				392967332952DD1C004BA84A /* SceneDelegate.swift in Sources */,
			);
			runOnlyForDeploymentPostprocessing = 0;
		};
		3929673F2952DD1D004BA84A /* Sources */ = {
			isa = PBXSourcesBuildPhase;
			buildActionMask = 2147483647;
			files = (
				392967482952DD1D004BA84A /* IntroduceStudentTests.swift in Sources */,
			);
			runOnlyForDeploymentPostprocessing = 0;
		};
		392967492952DD1D004BA84A /* Sources */ = {
			isa = PBXSourcesBuildPhase;
			buildActionMask = 2147483647;
			files = (
				392967542952DD1D004BA84A /* IntroduceStudentUITestsLaunchTests.swift in Sources */,
				392967522952DD1D004BA84A /* IntroduceStudentUITests.swift in Sources */,
			);
			runOnlyForDeploymentPostprocessing = 0;
		};
/* End PBXSourcesBuildPhase section */

/* Begin PBXTargetDependency section */
		392967452952DD1D004BA84A /* PBXTargetDependency */ = {
			isa = PBXTargetDependency;
			target = 3929672C2952DD1C004BA84A /* IntroduceStudent */;
			targetProxy = 392967442952DD1D004BA84A /* PBXContainerItemProxy */;
		};
		3929674F2952DD1D004BA84A /* PBXTargetDependency */ = {
			isa = PBXTargetDependency;
			target = 3929672C2952DD1C004BA84A /* IntroduceStudent */;
			targetProxy = 3929674E2952DD1D004BA84A /* PBXContainerItemProxy */;
		};
/* End PBXTargetDependency section */

/* Begin PBXVariantGroup section */
		392967362952DD1C004BA84A /* Main.storyboard */ = {
			isa = PBXVariantGroup;
			children = (
				392967372952DD1C004BA84A /* Base */,
			);
			name = Main.storyboard;
			sourceTree = "<group>";
		};
		3929673B2952DD1D004BA84A /* LaunchScreen.storyboard */ = {
			isa = PBXVariantGroup;
			children = (
				3929673C2952DD1D004BA84A /* Base */,
			);
			name = LaunchScreen.storyboard;
			sourceTree = "<group>";
		};
/* End PBXVariantGroup section */

/* Begin XCBuildConfiguration section */
		392967552952DD1D004BA84A /* Debug */ = {
			isa = XCBuildConfiguration;
			buildSettings = {
				ALWAYS_SEARCH_USER_PATHS = NO;
				CLANG_ANALYZER_NONNULL = YES;
				CLANG_ANALYZER_NUMBER_OBJECT_CONVERSION = YES_AGGRESSIVE;
				CLANG_CXX_LANGUAGE_STANDARD = "gnu++20";
				CLANG_ENABLE_MODULES = YES;
				CLANG_ENABLE_OBJC_ARC = YES;
				CLANG_ENABLE_OBJC_WEAK = YES;
				CLANG_WARN_BLOCK_CAPTURE_AUTORELEASING = YES;
				CLANG_WARN_BOOL_CONVERSION = YES;
				CLANG_WARN_COMMA = YES;
				CLANG_WARN_CONSTANT_CONVERSION = YES;
				CLANG_WARN_DEPRECATED_OBJC_IMPLEMENTATIONS = YES;
				CLANG_WARN_DIRECT_OBJC_ISA_USAGE = YES_ERROR;
				CLANG_WARN_DOCUMENTATION_COMMENTS = YES;
				CLANG_WARN_EMPTY_BODY = YES;
				CLANG_WARN_ENUM_CONVERSION = YES;
				CLANG_WARN_INFINITE_RECURSION = YES;
				CLANG_WARN_INT_CONVERSION = YES;
				CLANG_WARN_NON_LITERAL_NULL_CONVERSION = YES;
				CLANG_WARN_OBJC_IMPLICIT_RETAIN_SELF = YES;
				CLANG_WARN_OBJC_LITERAL_CONVERSION = YES;
				CLANG_WARN_OBJC_ROOT_CLASS = YES_ERROR;
				CLANG_WARN_QUOTED_INCLUDE_IN_FRAMEWORK_HEADER = YES;
				CLANG_WARN_RANGE_LOOP_ANALYSIS = YES;
				CLANG_WARN_STRICT_PROTOTYPES = YES;
				CLANG_WARN_SUSPICIOUS_MOVE = YES;
				CLANG_WARN_UNGUARDED_AVAILABILITY = YES_AGGRESSIVE;
				CLANG_WARN_UNREACHABLE_CODE = YES;
				CLANG_WARN__DUPLICATE_METHOD_MATCH = YES;
				COPY_PHASE_STRIP = NO;
				DEBUG_INFORMATION_FORMAT = dwarf;
				ENABLE_STRICT_OBJC_MSGSEND = YES;
				ENABLE_TESTABILITY = YES;
				GCC_C_LANGUAGE_STANDARD = gnu11;
				GCC_DYNAMIC_NO_PIC = NO;
				GCC_NO_COMMON_BLOCKS = YES;
				GCC_OPTIMIZATION_LEVEL = 0;
				GCC_PREPROCESSOR_DEFINITIONS = (
					"DEBUG=1",
					"$(inherited)",
				);
				GCC_WARN_64_TO_32_BIT_CONVERSION = YES;
				GCC_WARN_ABOUT_RETURN_TYPE = YES_ERROR;
				GCC_WARN_UNDECLARED_SELECTOR = YES;
				GCC_WARN_UNINITIALIZED_AUTOS = YES_AGGRESSIVE;
				GCC_WARN_UNUSED_FUNCTION = YES;
				GCC_WARN_UNUSED_VARIABLE = YES;
				IPHONEOS_DEPLOYMENT_TARGET = 16.2;
				MTL_ENABLE_DEBUG_INFO = INCLUDE_SOURCE;
				MTL_FAST_MATH = YES;
				ONLY_ACTIVE_ARCH = YES;
				SDKROOT = iphoneos;
				SWIFT_ACTIVE_COMPILATION_CONDITIONS = DEBUG;
				SWIFT_OPTIMIZATION_LEVEL = "-Onone";
			};
			name = Debug;
		};
		392967562952DD1D004BA84A /* Release */ = {
			isa = XCBuildConfiguration;
			buildSettings = {
				ALWAYS_SEARCH_USER_PATHS = NO;
				CLANG_ANALYZER_NONNULL = YES;
				CLANG_ANALYZER_NUMBER_OBJECT_CONVERSION = YES_AGGRESSIVE;
				CLANG_CXX_LANGUAGE_STANDARD = "gnu++20";
				CLANG_ENABLE_MODULES = YES;
				CLANG_ENABLE_OBJC_ARC = YES;
				CLANG_ENABLE_OBJC_WEAK = YES;
				CLANG_WARN_BLOCK_CAPTURE_AUTORELEASING = YES;
				CLANG_WARN_BOOL_CONVERSION = YES;
				CLANG_WARN_COMMA = YES;
				CLANG_WARN_CONSTANT_CONVERSION = YES;
				CLANG_WARN_DEPRECATED_OBJC_IMPLEMENTATIONS = YES;
				CLANG_WARN_DIRECT_OBJC_ISA_USAGE = YES_ERROR;
				CLANG_WARN_DOCUMENTATION_COMMENTS = YES;
				CLANG_WARN_EMPTY_BODY = YES;
				CLANG_WARN_ENUM_CONVERSION = YES;
				CLANG_WARN_INFINITE_RECURSION = YES;
				CLANG_WARN_INT_CONVERSION = YES;
				CLANG_WARN_NON_LITERAL_NULL_CONVERSION = YES;
				CLANG_WARN_OBJC_IMPLICIT_RETAIN_SELF = YES;
				CLANG_WARN_OBJC_LITERAL_CONVERSION = YES;
				CLANG_WARN_OBJC_ROOT_CLASS = YES_ERROR;
				CLANG_WARN_QUOTED_INCLUDE_IN_FRAMEWORK_HEADER = YES;
				CLANG_WARN_RANGE_LOOP_ANALYSIS = YES;
				CLANG_WARN_STRICT_PROTOTYPES = YES;
				CLANG_WARN_SUSPICIOUS_MOVE = YES;
				CLANG_WARN_UNGUARDED_AVAILABILITY = YES_AGGRESSIVE;
				CLANG_WARN_UNREACHABLE_CODE = YES;
				CLANG_WARN__DUPLICATE_METHOD_MATCH = YES;
				COPY_PHASE_STRIP = NO;
				DEBUG_INFORMATION_FORMAT = "dwarf-with-dsym";
				ENABLE_NS_ASSERTIONS = NO;
				ENABLE_STRICT_OBJC_MSGSEND = YES;
				GCC_C_LANGUAGE_STANDARD = gnu11;
				GCC_NO_COMMON_BLOCKS = YES;
				GCC_WARN_64_TO_32_BIT_CONVERSION = YES;
				GCC_WARN_ABOUT_RETURN_TYPE = YES_ERROR;
				GCC_WARN_UNDECLARED_SELECTOR = YES;
				GCC_WARN_UNINITIALIZED_AUTOS = YES_AGGRESSIVE;
				GCC_WARN_UNUSED_FUNCTION = YES;
				GCC_WARN_UNUSED_VARIABLE = YES;
				IPHONEOS_DEPLOYMENT_TARGET = 16.2;
				MTL_ENABLE_DEBUG_INFO = NO;
				MTL_FAST_MATH = YES;
				SDKROOT = iphoneos;
				SWIFT_COMPILATION_MODE = wholemodule;
				SWIFT_OPTIMIZATION_LEVEL = "-O";
				VALIDATE_PRODUCT = YES;
			};
			name = Release;
		};
		392967582952DD1D004BA84A /* Debug */ = {
			isa = XCBuildConfiguration;
			buildSettings = {
				ASSETCATALOG_COMPILER_APPICON_NAME = AppIcon;
				ASSETCATALOG_COMPILER_GLOBAL_ACCENT_COLOR_NAME = AccentColor;
				CODE_SIGN_STYLE = Automatic;
				CURRENT_PROJECT_VERSION = 1;
				DEVELOPMENT_TEAM = X2SCMG9FW8;
				GENERATE_INFOPLIST_FILE = YES;
				INFOPLIST_FILE = IntroduceStudent/Info.plist;
				INFOPLIST_KEY_UIApplicationSupportsIndirectInputEvents = YES;
				INFOPLIST_KEY_UILaunchStoryboardName = LaunchScreen;
				INFOPLIST_KEY_UIMainStoryboardFile = Main;
				INFOPLIST_KEY_UISupportedInterfaceOrientations_iPad = "UIInterfaceOrientationPortrait UIInterfaceOrientationPortraitUpsideDown UIInterfaceOrientationLandscapeLeft UIInterfaceOrientationLandscapeRight";
				INFOPLIST_KEY_UISupportedInterfaceOrientations_iPhone = "UIInterfaceOrientationPortrait UIInterfaceOrientationLandscapeLeft UIInterfaceOrientationLandscapeRight";
				LD_RUNPATH_SEARCH_PATHS = (
					"$(inherited)",
					"@executable_path/Frameworks",
				);
				MARKETING_VERSION = 1.0;
				PRODUCT_BUNDLE_IDENTIFIER = BenjaminWoosley.IntroduceStudent;
				PRODUCT_NAME = "$(TARGET_NAME)";
				SWIFT_EMIT_LOC_STRINGS = YES;
				SWIFT_VERSION = 5.0;
				TARGETED_DEVICE_FAMILY = "1,2";
			};
			name = Debug;
		};
		392967592952DD1D004BA84A /* Release */ = {
			isa = XCBuildConfiguration;
			buildSettings = {
				ASSETCATALOG_COMPILER_APPICON_NAME = AppIcon;
				ASSETCATALOG_COMPILER_GLOBAL_ACCENT_COLOR_NAME = AccentColor;
				CODE_SIGN_STYLE = Automatic;
				CURRENT_PROJECT_VERSION = 1;
				DEVELOPMENT_TEAM = X2SCMG9FW8;
				GENERATE_INFOPLIST_FILE = YES;
				INFOPLIST_FILE = IntroduceStudent/Info.plist;
				INFOPLIST_KEY_UIApplicationSupportsIndirectInputEvents = YES;
				INFOPLIST_KEY_UILaunchStoryboardName = LaunchScreen;
				INFOPLIST_KEY_UIMainStoryboardFile = Main;
				INFOPLIST_KEY_UISupportedInterfaceOrientations_iPad = "UIInterfaceOrientationPortrait UIInterfaceOrientationPortraitUpsideDown UIInterfaceOrientationLandscapeLeft UIInterfaceOrientationLandscapeRight";
				INFOPLIST_KEY_UISupportedInterfaceOrientations_iPhone = "UIInterfaceOrientationPortrait UIInterfaceOrientationLandscapeLeft UIInterfaceOrientationLandscapeRight";
				LD_RUNPATH_SEARCH_PATHS = (
					"$(inherited)",
					"@executable_path/Frameworks",
				);
				MARKETING_VERSION = 1.0;
				PRODUCT_BUNDLE_IDENTIFIER = BenjaminWoosley.IntroduceStudent;
				PRODUCT_NAME = "$(TARGET_NAME)";
				SWIFT_EMIT_LOC_STRINGS = YES;
				SWIFT_VERSION = 5.0;
				TARGETED_DEVICE_FAMILY = "1,2";
			};
			name = Release;
		};
		3929675B2952DD1D004BA84A /* Debug */ = {
			isa = XCBuildConfiguration;
			buildSettings = {
				ALWAYS_EMBED_SWIFT_STANDARD_LIBRARIES = YES;
				BUNDLE_LOADER = "$(TEST_HOST)";
				CODE_SIGN_STYLE = Automatic;
				CURRENT_PROJECT_VERSION = 1;
				DEVELOPMENT_TEAM = X2SCMG9FW8;
				GENERATE_INFOPLIST_FILE = YES;
				IPHONEOS_DEPLOYMENT_TARGET = 16.2;
				MARKETING_VERSION = 1.0;
				PRODUCT_BUNDLE_IDENTIFIER = BenjaminWoosley.IntroduceStudentTests;
				PRODUCT_NAME = "$(TARGET_NAME)";
				SWIFT_EMIT_LOC_STRINGS = NO;
				SWIFT_VERSION = 5.0;
				TARGETED_DEVICE_FAMILY = "1,2";
				TEST_HOST = "$(BUILT_PRODUCTS_DIR)/IntroduceStudent.app/$(BUNDLE_EXECUTABLE_FOLDER_PATH)/IntroduceStudent";
			};
			name = Debug;
		};
		3929675C2952DD1D004BA84A /* Release */ = {
			isa = XCBuildConfiguration;
			buildSettings = {
				ALWAYS_EMBED_SWIFT_STANDARD_LIBRARIES = YES;
				BUNDLE_LOADER = "$(TEST_HOST)";
				CODE_SIGN_STYLE = Automatic;
				CURRENT_PROJECT_VERSION = 1;
				DEVELOPMENT_TEAM = X2SCMG9FW8;
				GENERATE_INFOPLIST_FILE = YES;
				IPHONEOS_DEPLOYMENT_TARGET = 16.2;
				MARKETING_VERSION = 1.0;
				PRODUCT_BUNDLE_IDENTIFIER = BenjaminWoosley.IntroduceStudentTests;
				PRODUCT_NAME = "$(TARGET_NAME)";
				SWIFT_EMIT_LOC_STRINGS = NO;
				SWIFT_VERSION = 5.0;
				TARGETED_DEVICE_FAMILY = "1,2";
				TEST_HOST = "$(BUILT_PRODUCTS_DIR)/IntroduceStudent.app/$(BUNDLE_EXECUTABLE_FOLDER_PATH)/IntroduceStudent";
			};
			name = Release;
		};
		3929675E2952DD1D004BA84A /* Debug */ = {
			isa = XCBuildConfiguration;
			buildSettings = {
				ALWAYS_EMBED_SWIFT_STANDARD_LIBRARIES = YES;
				CODE_SIGN_STYLE = Automatic;
				CURRENT_PROJECT_VERSION = 1;
				DEVELOPMENT_TEAM = X2SCMG9FW8;
				GENERATE_INFOPLIST_FILE = YES;
				MARKETING_VERSION = 1.0;
				PRODUCT_BUNDLE_IDENTIFIER = BenjaminWoosley.IntroduceStudentUITests;
				PRODUCT_NAME = "$(TARGET_NAME)";
				SWIFT_EMIT_LOC_STRINGS = NO;
				SWIFT_VERSION = 5.0;
				TARGETED_DEVICE_FAMILY = "1,2";
				TEST_TARGET_NAME = IntroduceStudent;
			};
			name = Debug;
		};
		3929675F2952DD1D004BA84A /* Release */ = {
			isa = XCBuildConfiguration;
			buildSettings = {
				ALWAYS_EMBED_SWIFT_STANDARD_LIBRARIES = YES;
				CODE_SIGN_STYLE = Automatic;
				CURRENT_PROJECT_VERSION = 1;
				DEVELOPMENT_TEAM = X2SCMG9FW8;
				GENERATE_INFOPLIST_FILE = YES;
				MARKETING_VERSION = 1.0;
				PRODUCT_BUNDLE_IDENTIFIER = BenjaminWoosley.IntroduceStudentUITests;
				PRODUCT_NAME = "$(TARGET_NAME)";
				SWIFT_EMIT_LOC_STRINGS = NO;
				SWIFT_VERSION = 5.0;
				TARGETED_DEVICE_FAMILY = "1,2";
				TEST_TARGET_NAME = IntroduceStudent;
			};
			name = Release;
		};
/* End XCBuildConfiguration section */

/* Begin XCConfigurationList section */
		392967282952DD1C004BA84A /* Build configuration list for PBXProject "IntroduceStudent" */ = {
			isa = XCConfigurationList;
			buildConfigurations = (
				392967552952DD1D004BA84A /* Debug */,
				392967562952DD1D004BA84A /* Release */,
			);
			defaultConfigurationIsVisible = 0;
			defaultConfigurationName = Release;
		};
		392967572952DD1D004BA84A /* Build configuration list for PBXNativeTarget "IntroduceStudent" */ = {
			isa = XCConfigurationList;
			buildConfigurations = (
				392967582952DD1D004BA84A /* Debug */,
				392967592952DD1D004BA84A /* Release */,
			);
			defaultConfigurationIsVisible = 0;
			defaultConfigurationName = Release;
		};
		3929675A2952DD1D004BA84A /* Build configuration list for PBXNativeTarget "IntroduceStudentTests" */ = {
			isa = XCConfigurationList;
			buildConfigurations = (
				3929675B2952DD1D004BA84A /* Debug */,
				3929675C2952DD1D004BA84A /* Release */,
			);
			defaultConfigurationIsVisible = 0;
			defaultConfigurationName = Release;
		};
		3929675D2952DD1D004BA84A /* Build configuration list for PBXNativeTarget "IntroduceStudentUITests" */ = {
			isa = XCConfigurationList;
			buildConfigurations = (
				3929675E2952DD1D004BA84A /* Debug */,
				3929675F2952DD1D004BA84A /* Release */,
			);
			defaultConfigurationIsVisible = 0;
			defaultConfigurationName = Release;
		};
/* End XCConfigurationList section */
	};
	rootObject = 392967252952DD1C004BA84A /* Project object */;
}
